// !$*UTF8*$!
{
    archiveVersion = 1;
    classes = {};
    objectVersion = 77;
    objects = {
        A00000000000000000000001 = {isa = PBXProject; attributes = {BuildIndependentTargetsInParallel = YES; LastUpgradeCheck = 1600; TargetAttributes = {A00000000000000000000003 = {CreatedOnToolsVersion = 16.0;}; A00000000000000000000004 = {CreatedOnToolsVersion = 16.0; TestTargetID = A00000000000000000000003;};};}; buildConfigurationList = A00000000000000000000020; compatibilityVersion = "Xcode 16.0"; developmentRegion = ko; hasScannedForEncodings = 0; knownRegions = (ko, en, Base); mainGroup = A00000000000000000000002; packageReferences = (A00000000000000000000040); preferredProjectObjectVersion = 77; productRefGroup = A00000000000000000000007; projectDirPath = ""; projectRoot = ""; targets = (A00000000000000000000003, A00000000000000000000004);};
        A00000000000000000000002 = {isa = PBXGroup; children = (A00000000000000000000005, A00000000000000000000006, A00000000000000000000007); sourceTree = "<group>";};
        A00000000000000000000003 = {isa = PBXNativeTarget; buildConfigurationList = A00000000000000000000021; buildPhases = (A00000000000000000000010, A00000000000000000000011, A00000000000000000000012); buildRules = (); dependencies = (); fileSystemSynchronizedGroups = (A00000000000000000000005); name = StagePoint; packageProductDependencies = (A00000000000000000000041); productName = StagePoint; productReference = A00000000000000000000008; productType = "com.apple.product-type.application";};
        A00000000000000000000004 = {isa = PBXNativeTarget; buildConfigurationList = A00000000000000000000022; buildPhases = (A00000000000000000000013, A00000000000000000000014, A00000000000000000000015); buildRules = (); dependencies = (A00000000000000000000017); fileSystemSynchronizedGroups = (A00000000000000000000006); name = StagePointUITests; packageProductDependencies = (); productName = StagePointUITests; productReference = A00000000000000000000009; productType = "com.apple.product-type.bundle.ui-testing";};
        A00000000000000000000005 = {isa = PBXFileSystemSynchronizedRootGroup; path = StagePoint; sourceTree = "<group>";};
        A00000000000000000000006 = {isa = PBXFileSystemSynchronizedRootGroup; path = StagePointUITests; sourceTree = "<group>";};
        A00000000000000000000007 = {isa = PBXGroup; children = (A00000000000000000000008, A00000000000000000000009); name = Products; sourceTree = "<group>";};
        A00000000000000000000008 = {isa = PBXFileReference; explicitFileType = wrapper.application; includeInIndex = 0; path = StagePoint.app; sourceTree = BUILT_PRODUCTS_DIR;};
        A00000000000000000000009 = {isa = PBXFileReference; explicitFileType = wrapper.cfbundle; includeInIndex = 0; path = StagePointUITests.xctest; sourceTree = BUILT_PRODUCTS_DIR;};
        A00000000000000000000010 = {isa = PBXSourcesBuildPhase; buildActionMask = 2147483647; files = (); runOnlyForDeploymentPostprocessing = 0;};
        A00000000000000000000011 = {isa = PBXFrameworksBuildPhase; buildActionMask = 2147483647; files = (A00000000000000000000042); runOnlyForDeploymentPostprocessing = 0;};
        A00000000000000000000012 = {isa = PBXResourcesBuildPhase; buildActionMask = 2147483647; files = (); runOnlyForDeploymentPostprocessing = 0;};
        A00000000000000000000013 = {isa = PBXSourcesBuildPhase; buildActionMask = 2147483647; files = (); runOnlyForDeploymentPostprocessing = 0;};
        A00000000000000000000014 = {isa = PBXFrameworksBuildPhase; buildActionMask = 2147483647; files = (); runOnlyForDeploymentPostprocessing = 0;};
        A00000000000000000000015 = {isa = PBXResourcesBuildPhase; buildActionMask = 2147483647; files = (); runOnlyForDeploymentPostprocessing = 0;};
        A00000000000000000000016 = {isa = PBXContainerItemProxy; containerPortal = A00000000000000000000001; proxyType = 1; remoteGlobalIDString = A00000000000000000000003; remoteInfo = StagePoint;};
        A00000000000000000000017 = {isa = PBXTargetDependency; target = A00000000000000000000003; targetProxy = A00000000000000000000016;};
        A00000000000000000000020 = {isa = XCConfigurationList; buildConfigurations = (A00000000000000000000030, A00000000000000000000031); defaultConfigurationIsVisible = 0; defaultConfigurationName = Release;};
        A00000000000000000000021 = {isa = XCConfigurationList; buildConfigurations = (A00000000000000000000032, A00000000000000000000033); defaultConfigurationIsVisible = 0; defaultConfigurationName = Release;};
        A00000000000000000000022 = {isa = XCConfigurationList; buildConfigurations = (A00000000000000000000034, A00000000000000000000035); defaultConfigurationIsVisible = 0; defaultConfigurationName = Release;};
        A00000000000000000000030 = {isa = XCBuildConfiguration; buildSettings = {CLANG_ENABLE_MODULES = YES; SDKROOT = iphoneos; IPHONEOS_DEPLOYMENT_TARGET = 18.0; SWIFT_VERSION = 5.0; ONLY_ACTIVE_ARCH = YES; DEBUG_INFORMATION_FORMAT = dwarf; SWIFT_OPTIMIZATION_LEVEL = "-Onone"; SWIFT_ACTIVE_COMPILATION_CONDITIONS = DEBUG;}; name = Debug;};
        A00000000000000000000031 = {isa = XCBuildConfiguration; buildSettings = {CLANG_ENABLE_MODULES = YES; SDKROOT = iphoneos; IPHONEOS_DEPLOYMENT_TARGET = 18.0; SWIFT_VERSION = 5.0; DEBUG_INFORMATION_FORMAT = "dwarf-with-dsym"; SWIFT_COMPILATION_MODE = wholemodule;}; name = Release;};
        A00000000000000000000032 = {isa = XCBuildConfiguration; buildSettings = {PRODUCT_NAME = "$(TARGET_NAME)"; PRODUCT_BUNDLE_IDENTIFIER = com.stagepoint.research; INFOPLIST_FILE = Config/Info.plist; CODE_SIGN_STYLE = Automatic; CURRENT_PROJECT_VERSION = 1; MARKETING_VERSION = 0.1.0; TARGETED_DEVICE_FAMILY = 1; SUPPORTED_PLATFORMS = "iphoneos iphonesimulator"; SUPPORTS_MACCATALYST = NO; ENABLE_PREVIEWS = YES;}; name = Debug;};
        A00000000000000000000033 = {isa = XCBuildConfiguration; buildSettings = {PRODUCT_NAME = "$(TARGET_NAME)"; PRODUCT_BUNDLE_IDENTIFIER = com.stagepoint.research; INFOPLIST_FILE = Config/Info.plist; CODE_SIGN_STYLE = Automatic; CURRENT_PROJECT_VERSION = 1; MARKETING_VERSION = 0.1.0; TARGETED_DEVICE_FAMILY = 1; SUPPORTED_PLATFORMS = "iphoneos iphonesimulator"; SUPPORTS_MACCATALYST = NO;}; name = Release;};
        A00000000000000000000034 = {isa = XCBuildConfiguration; buildSettings = {PRODUCT_NAME = "$(TARGET_NAME)"; PRODUCT_BUNDLE_IDENTIFIER = com.stagepoint.research.uitests; GENERATE_INFOPLIST_FILE = YES; CODE_SIGN_STYLE = Automatic; TARGETED_DEVICE_FAMILY = 1; TEST_TARGET_NAME = StagePoint;}; name = Debug;};
        A00000000000000000000035 = {isa = XCBuildConfiguration; buildSettings = {PRODUCT_NAME = "$(TARGET_NAME)"; PRODUCT_BUNDLE_IDENTIFIER = com.stagepoint.research.uitests; GENERATE_INFOPLIST_FILE = YES; CODE_SIGN_STYLE = Automatic; TARGETED_DEVICE_FAMILY = 1; TEST_TARGET_NAME = StagePoint;}; name = Release;};
        A00000000000000000000040 = {isa = XCLocalSwiftPackageReference; relativePath = Packages/StagePointCore;};
        A00000000000000000000041 = {isa = XCSwiftPackageProductDependency; package = A00000000000000000000040; productName = StagePointCore;};
        A00000000000000000000042 = {isa = PBXBuildFile; productRef = A00000000000000000000041;};
    };
    rootObject = A00000000000000000000001;
}
